// !$*UTF8*$!
{
	archiveVersion = 1;
	classes = {
	};
	objectVersion = 56;
	objects = {

/* Begin PBXBuildFile section */
		8418B9B22A79DD06005617C7 /* hikeApp.swift in Sources */ = {isa = PBXBuildFile; fileRef = 8418B9B12A79DD06005617C7 /* hikeApp.swift */; };
		8418B9B42A79DD06005617C7 /* ContentView.swift in Sources */ = {isa = PBXBuildFile; fileRef = 8418B9B32A79DD06005617C7 /* ContentView.swift */; };
		8418B9B62A79DD07005617C7 /* Assets.xcassets in Resources */ = {isa = PBXBuildFile; fileRef = 8418B9B52A79DD07005617C7 /* Assets.xcassets */; };
		8418B9B92A79DD07005617C7 /* Preview Assets.xcassets in Resources */ = {isa = PBXBuildFile; fileRef = 8418B9B82A79DD07005617C7 /* Preview Assets.xcassets */; };
		8418B9C02A79E7B9005617C7 /* Cardview.swift in Sources */ = {isa = PBXBuildFile; fileRef = 8418B9BF2A79E7B9005617C7 /* Cardview.swift */; };
		8418B9C32A79EDE5005617C7 /* Background.swift in Sources */ = {isa = PBXBuildFile; fileRef = 8418B9C22A79EDE5005617C7 /* Background.swift */; };
		8418B9C82A79F3E7005617C7 /* ColorExtension.swift in Sources */ = {isa = PBXBuildFile; fileRef = 8418B9C72A79F3E7005617C7 /* ColorExtension.swift */; };
		844D049F2A7A25C20080C00B /* Btn.swift in Sources */ = {isa = PBXBuildFile; fileRef = 844D049E2A7A25C20080C00B /* Btn.swift */; };
		844D04A12A7A36070080C00B /* BtnStyle.swift in Sources */ = {isa = PBXBuildFile; fileRef = 844D04A02A7A36060080C00B /* BtnStyle.swift */; };
		844D04A32A7A40830080C00B /* CircleAnimation.swift in Sources */ = {isa = PBXBuildFile; fileRef = 844D04A22A7A40830080C00B /* CircleAnimation.swift */; };
		844D04A52A7A45930080C00B /* MotionCircle.swift in Sources */ = {isa = PBXBuildFile; fileRef = 844D04A42A7A45930080C00B /* MotionCircle.swift */; };
/* End PBXBuildFile section */

/* Begin PBXFileReference section */
		8418B9AE2A79DD06005617C7 /* hike.app */ = {isa = PBXFileReference; explicitFileType = wrapper.application; includeInIndex = 0; path = hike.app; sourceTree = BUILT_PRODUCTS_DIR; };
		8418B9B12A79DD06005617C7 /* hikeApp.swift */ = {isa = PBXFileReference; lastKnownFileType = sourcecode.swift; path = hikeApp.swift; sourceTree = "<group>"; };
		8418B9B32A79DD06005617C7 /* ContentView.swift */ = {isa = PBXFileReference; lastKnownFileType = sourcecode.swift; path = ContentView.swift; sourceTree = "<group>"; };
		8418B9B52A79DD07005617C7 /* Assets.xcassets */ = {isa = PBXFileReference; lastKnownFileType = folder.assetcatalog; path = Assets.xcassets; sourceTree = "<group>"; };
		8418B9B82A79DD07005617C7 /* Preview Assets.xcassets */ = {isa = PBXFileReference; lastKnownFileType = folder.assetcatalog; path = "Preview Assets.xcassets"; sourceTree = "<group>"; };
		8418B9BF2A79E7B9005617C7 /* Cardview.swift */ = {isa = PBXFileReference; lastKnownFileType = sourcecode.swift; path = Cardview.swift; sourceTree = "<group>"; };
		8418B9C22A79EDE5005617C7 /* Background.swift */ = {isa = PBXFileReference; lastKnownFileType = sourcecode.swift; path = Background.swift; sourceTree = "<group>"; };
		8418B9C72A79F3E7005617C7 /* ColorExtension.swift */ = {isa = PBXFileReference; lastKnownFileType = sourcecode.swift; path = ColorExtension.swift; sourceTree = "<group>"; };
		844D049E2A7A25C20080C00B /* Btn.swift */ = {isa = PBXFileReference; lastKnownFileType = sourcecode.swift; path = Btn.swift; sourceTree = "<group>"; };
		844D04A02A7A36060080C00B /* BtnStyle.swift */ = {isa = PBXFileReference; lastKnownFileType = sourcecode.swift; path = BtnStyle.swift; sourceTree = "<group>"; };
		844D04A22A7A40830080C00B /* CircleAnimation.swift */ = {isa = PBXFileReference; lastKnownFileType = sourcecode.swift; path = CircleAnimation.swift; sourceTree = "<group>"; };
		844D04A42A7A45930080C00B /* MotionCircle.swift */ = {isa = PBXFileReference; lastKnownFileType = sourcecode.swift; path = MotionCircle.swift; sourceTree = "<group>"; };
/* End PBXFileReference section */

/* Begin PBXFrameworksBuildPhase section */
		8418B9AB2A79DD06005617C7 /* Frameworks */ = {
			isa = PBXFrameworksBuildPhase;
			buildActionMask = 2147483647;
			files = (
			);
			runOnlyForDeploymentPostprocessing = 0;
		};
/* End PBXFrameworksBuildPhase section */

/* Begin PBXGroup section */
		8418B9A52A79DD06005617C7 = {
			isa = PBXGroup;
			children = (
				8418B9B02A79DD06005617C7 /* hike */,
				8418B9AF2A79DD06005617C7 /* Products */,
			);
			sourceTree = "<group>";
		};
		8418B9AF2A79DD06005617C7 /* Products */ = {
			isa = PBXGroup;
			children = (
				8418B9AE2A79DD06005617C7 /* hike.app */,
			);
			name = Products;
			sourceTree = "<group>";
		};
		8418B9B02A79DD06005617C7 /* hike */ = {
			isa = PBXGroup;
			children = (
				8418B9C42A79F2C2005617C7 /* Utils */,
				8418B9B12A79DD06005617C7 /* hikeApp.swift */,
				8418B9B32A79DD06005617C7 /* ContentView.swift */,
				8418B9B52A79DD07005617C7 /* Assets.xcassets */,
				8418B9B72A79DD07005617C7 /* Preview Content */,
				8418B9C12A79ECEF005617C7 /* Components */,
			);
			path = hike;
			sourceTree = "<group>";
		};
		8418B9B72A79DD07005617C7 /* Preview Content */ = {
			isa = PBXGroup;
			children = (
				8418B9B82A79DD07005617C7 /* Preview Assets.xcassets */,
			);
			path = "Preview Content";
			sourceTree = "<group>";
		};
		8418B9C12A79ECEF005617C7 /* Components */ = {
			isa = PBXGroup;
			children = (
				8418B9BF2A79E7B9005617C7 /* Cardview.swift */,
				8418B9C22A79EDE5005617C7 /* Background.swift */,
				844D049E2A7A25C20080C00B /* Btn.swift */,
				844D04A22A7A40830080C00B /* CircleAnimation.swift */,
				844D04A42A7A45930080C00B /* MotionCircle.swift */,
			);
			path = Components;
			sourceTree = "<group>";
		};
		8418B9C42A79F2C2005617C7 /* Utils */ = {
			isa = PBXGroup;
			children = (
				8418B9C72A79F3E7005617C7 /* ColorExtension.swift */,
				844D04A02A7A36060080C00B /* BtnStyle.swift */,
			);
			path = Utils;
			sourceTree = "<group>";
		};
/* End PBXGroup section */

/* Begin PBXNativeTarget section */
		8418B9AD2A79DD06005617C7 /* hike */ = {
			isa = PBXNativeTarget;
			buildConfigurationList = 8418B9BC2A79DD07005617C7 /* Build configuration list for PBXNativeTarget "hike" */;
			buildPhases = (
				8418B9AA2A79DD06005617C7 /* Sources */,
				8418B9AB2A79DD06005617C7 /* Frameworks */,
				8418B9AC2A79DD06005617C7 /* Resources */,
			);
			buildRules = (
			);
			dependencies = (
			);
			name = hike;
			productName = hike;
			productReference = 8418B9AE2A79DD06005617C7 /* hike.app */;
			productType = "com.apple.product-type.application";
		};
/* End PBXNativeTarget section */

/* Begin PBXProject section */
		8418B9A62A79DD06005617C7 /* Project object */ = {
			isa = PBXProject;
			attributes = {
				BuildIndependentTargetsInParallel = 1;
				LastSwiftUpdateCheck = 1430;
				LastUpgradeCheck = 1430;
				TargetAttributes = {
					8418B9AD2A79DD06005617C7 = {
						CreatedOnToolsVersion = 14.3.1;
					};
				};
			};
			buildConfigurationList = 8418B9A92A79DD06005617C7 /* Build configuration list for PBXProject "hike" */;
			compatibilityVersion = "Xcode 14.0";
			developmentRegion = en;
			hasScannedForEncodings = 0;
			knownRegions = (
				en,
				Base,
			);
			mainGroup = 8418B9A52A79DD06005617C7;
			productRefGroup = 8418B9AF2A79DD06005617C7 /* Products */;
			projectDirPath = "";
			projectRoot = "";
			targets = (
				8418B9AD2A79DD06005617C7 /* hike */,
			);
		};
/* End PBXProject section */

/* Begin PBXResourcesBuildPhase section */
		8418B9AC2A79DD06005617C7 /* Resources */ = {
			isa = PBXResourcesBuildPhase;
			buildActionMask = 2147483647;
			files = (
				8418B9B92A79DD07005617C7 /* Preview Assets.xcassets in Resources */,
				8418B9B62A79DD07005617C7 /* Assets.xcassets in Resources */,
			);
			runOnlyForDeploymentPostprocessing = 0;
		};
/* End PBXResourcesBuildPhase section */

/* Begin PBXSourcesBuildPhase section */
		8418B9AA2A79DD06005617C7 /* Sources */ = {
			isa = PBXSourcesBuildPhase;
			buildActionMask = 2147483647;
			files = (
				8418B9C02A79E7B9005617C7 /* Cardview.swift in Sources */,
				844D049F2A7A25C20080C00B /* Btn.swift in Sources */,
				844D04A52A7A45930080C00B /* MotionCircle.swift in Sources */,
				844D04A32A7A40830080C00B /* CircleAnimation.swift in Sources */,
				8418B9B42A79DD06005617C7 /* ContentView.swift in Sources */,
				8418B9B22A79DD06005617C7 /* hikeApp.swift in Sources */,
				8418B9C32A79EDE5005617C7 /* Background.swift in Sources */,
				844D04A12A7A36070080C00B /* BtnStyle.swift in Sources */,
				8418B9C82A79F3E7005617C7 /* ColorExtension.swift in Sources */,
			);
			runOnlyForDeploymentPostprocessing = 0;
		};
/* End PBXSourcesBuildPhase section */

/* Begin XCBuildConfiguration section */
		8418B9BA2A79DD07005617C7 /* Debug */ = {
			isa = XCBuildConfiguration;
			buildSettings = {
				ALWAYS_SEARCH_USER_PATHS = NO;
				CLANG_ANALYZER_NONNULL = YES;
				CLANG_ANALYZER_NUMBER_OBJECT_CONVERSION = YES_AGGRESSIVE;
				CLANG_CXX_LANGUAGE_STANDARD = "gnu++20";
				CLANG_ENABLE_MODULES = YES;
				CLANG_ENABLE_OBJC_ARC = YES;
				CLANG_ENABLE_OBJC_WEAK = YES;
				CLANG_WARN_BLOCK_CAPTURE_AUTORELEASING = YES;
				CLANG_WARN_BOOL_CONVERSION = YES;
				CLANG_WARN_COMMA = YES;
				CLANG_WARN_CONSTANT_CONVERSION = YES;
				CLANG_WARN_DEPRECATED_OBJC_IMPLEMENTATIONS = YES;
				CLANG_WARN_DIRECT_OBJC_ISA_USAGE = YES_ERROR;
				CLANG_WARN_DOCUMENTATION_COMMENTS = YES;
				CLANG_WARN_EMPTY_BODY = YES;
				CLANG_WARN_ENUM_CONVERSION = YES;
				CLANG_WARN_INFINITE_RECURSION = YES;
				CLANG_WARN_INT_CONVERSION = YES;
				CLANG_WARN_NON_LITERAL_NULL_CONVERSION = YES;
				CLANG_WARN_OBJC_IMPLICIT_RETAIN_SELF = YES;
				CLANG_WARN_OBJC_LITERAL_CONVERSION = YES;
				CLANG_WARN_OBJC_ROOT_CLASS = YES_ERROR;
				CLANG_WARN_QUOTED_INCLUDE_IN_FRAMEWORK_HEADER = YES;
				CLANG_WARN_RANGE_LOOP_ANALYSIS = YES;
				CLANG_WARN_STRICT_PROTOTYPES = YES;
				CLANG_WARN_SUSPICIOUS_MOVE = YES;
				CLANG_WARN_UNGUARDED_AVAILABILITY = YES_AGGRESSIVE;
				CLANG_WARN_UNREACHABLE_CODE = YES;
				CLANG_WARN__DUPLICATE_METHOD_MATCH = YES;
				COPY_PHASE_STRIP = NO;
				DEBUG_INFORMATION_FORMAT = dwarf;
				ENABLE_STRICT_OBJC_MSGSEND = YES;
				ENABLE_TESTABILITY = YES;
				GCC_C_LANGUAGE_STANDARD = gnu11;
				GCC_DYNAMIC_NO_PIC = NO;
				GCC_NO_COMMON_BLOCKS = YES;
				GCC_OPTIMIZATION_LEVEL = 0;
				GCC_PREPROCESSOR_DEFINITIONS = (
					"DEBUG=1",
					"$(inherited)",
				);
				GCC_WARN_64_TO_32_BIT_CONVERSION = YES;
				GCC_WARN_ABOUT_RETURN_TYPE = YES_ERROR;
				GCC_WARN_UNDECLARED_SELECTOR = YES;
				GCC_WARN_UNINITIALIZED_AUTOS = YES_AGGRESSIVE;
				GCC_WARN_UNUSED_FUNCTION = YES;
				GCC_WARN_UNUSED_VARIABLE = YES;
				IPHONEOS_DEPLOYMENT_TARGET = 16.4;
				MTL_ENABLE_DEBUG_INFO = INCLUDE_SOURCE;
				MTL_FAST_MATH = YES;
				ONLY_ACTIVE_ARCH = YES;
				SDKROOT = iphoneos;
				SWIFT_ACTIVE_COMPILATION_CONDITIONS = DEBUG;
				SWIFT_OPTIMIZATION_LEVEL = "-Onone";
			};
			name = Debug;
		};
		8418B9BB2A79DD07005617C7 /* Release */ = {
			isa = XCBuildConfiguration;
			buildSettings = {
				ALWAYS_SEARCH_USER_PATHS = NO;
				CLANG_ANALYZER_NONNULL = YES;
				CLANG_ANALYZER_NUMBER_OBJECT_CONVERSION = YES_AGGRESSIVE;
				CLANG_CXX_LANGUAGE_STANDARD = "gnu++20";
				CLANG_ENABLE_MODULES = YES;
				CLANG_ENABLE_OBJC_ARC = YES;
				CLANG_ENABLE_OBJC_WEAK = YES;
				CLANG_WARN_BLOCK_CAPTURE_AUTORELEASING = YES;
				CLANG_WARN_BOOL_CONVERSION = YES;
				CLANG_WARN_COMMA = YES;
				CLANG_WARN_CONSTANT_CONVERSION = YES;
				CLANG_WARN_DEPRECATED_OBJC_IMPLEMENTATIONS = YES;
				CLANG_WARN_DIRECT_OBJC_ISA_USAGE = YES_ERROR;
				CLANG_WARN_DOCUMENTATION_COMMENTS = YES;
				CLANG_WARN_EMPTY_BODY = YES;
				CLANG_WARN_ENUM_CONVERSION = YES;
				CLANG_WARN_INFINITE_RECURSION = YES;
				CLANG_WARN_INT_CONVERSION = YES;
				CLANG_WARN_NON_LITERAL_NULL_CONVERSION = YES;
				CLANG_WARN_OBJC_IMPLICIT_RETAIN_SELF = YES;
				CLANG_WARN_OBJC_LITERAL_CONVERSION = YES;
				CLANG_WARN_OBJC_ROOT_CLASS = YES_ERROR;
				CLANG_WARN_QUOTED_INCLUDE_IN_FRAMEWORK_HEADER = YES;
				CLANG_WARN_RANGE_LOOP_ANALYSIS = YES;
				CLANG_WARN_STRICT_PROTOTYPES = YES;
				CLANG_WARN_SUSPICIOUS_MOVE = YES;
				CLANG_WARN_UNGUARDED_AVAILABILITY = YES_AGGRESSIVE;
				CLANG_WARN_UNREACHABLE_CODE = YES;
				CLANG_WARN__DUPLICATE_METHOD_MATCH = YES;
				COPY_PHASE_STRIP = NO;
				DEBUG_INFORMATION_FORMAT = "dwarf-with-dsym";
				ENABLE_NS_ASSERTIONS = NO;
				ENABLE_STRICT_OBJC_MSGSEND = YES;
				GCC_C_LANGUAGE_STANDARD = gnu11;
				GCC_NO_COMMON_BLOCKS = YES;
				GCC_WARN_64_TO_32_BIT_CONVERSION = YES;
				GCC_WARN_ABOUT_RETURN_TYPE = YES_ERROR;
				GCC_WARN_UNDECLARED_SELECTOR = YES;
				GCC_WARN_UNINITIALIZED_AUTOS = YES_AGGRESSIVE;
				GCC_WARN_UNUSED_FUNCTION = YES;
				GCC_WARN_UNUSED_VARIABLE = YES;
				IPHONEOS_DEPLOYMENT_TARGET = 16.4;
				MTL_ENABLE_DEBUG_INFO = NO;
				MTL_FAST_MATH = YES;
				SDKROOT = iphoneos;
				SWIFT_COMPILATION_MODE = wholemodule;
				SWIFT_OPTIMIZATION_LEVEL = "-O";
				VALIDATE_PRODUCT = YES;
			};
			name = Release;
		};
		8418B9BD2A79DD07005617C7 /* Debug */ = {
			isa = XCBuildConfiguration;
			buildSettings = {
				ASSETCATALOG_COMPILER_APPICON_NAME = AppIcon;
				ASSETCATALOG_COMPILER_GLOBAL_ACCENT_COLOR_NAME = AccentColor;
				CODE_SIGN_STYLE = Automatic;
				CURRENT_PROJECT_VERSION = 1;
				DEVELOPMENT_ASSET_PATHS = "\"hike/Preview Content\"";
				ENABLE_PREVIEWS = YES;
				GENERATE_INFOPLIST_FILE = YES;
				INFOPLIST_KEY_UIApplicationSceneManifest_Generation = YES;
				INFOPLIST_KEY_UIApplicationSupportsIndirectInputEvents = YES;
				INFOPLIST_KEY_UILaunchScreen_Generation = YES;
				INFOPLIST_KEY_UISupportedInterfaceOrientations_iPad = "UIInterfaceOrientationPortrait UIInterfaceOrientationPortraitUpsideDown UIInterfaceOrientationLandscapeLeft UIInterfaceOrientationLandscapeRight";
				INFOPLIST_KEY_UISupportedInterfaceOrientations_iPhone = "UIInterfaceOrientationPortrait UIInterfaceOrientationLandscapeLeft UIInterfaceOrientationLandscapeRight";
				LD_RUNPATH_SEARCH_PATHS = (
					"$(inherited)",
					"@executable_path/Frameworks",
				);
				MARKETING_VERSION = 1.0;
				PRODUCT_BUNDLE_IDENTIFIER = sw.hike;
				PRODUCT_NAME = "$(TARGET_NAME)";
				SWIFT_EMIT_LOC_STRINGS = YES;
				SWIFT_VERSION = 5.0;
				TARGETED_DEVICE_FAMILY = "1,2";
			};
			name = Debug;
		};
		8418B9BE2A79DD07005617C7 /* Release */ = {
			isa = XCBuildConfiguration;
			buildSettings = {
				ASSETCATALOG_COMPILER_APPICON_NAME = AppIcon;
				ASSETCATALOG_COMPILER_GLOBAL_ACCENT_COLOR_NAME = AccentColor;
				CODE_SIGN_STYLE = Automatic;
				CURRENT_PROJECT_VERSION = 1;
				DEVELOPMENT_ASSET_PATHS = "\"hike/Preview Content\"";
				ENABLE_PREVIEWS = YES;
				GENERATE_INFOPLIST_FILE = YES;
				INFOPLIST_KEY_UIApplicationSceneManifest_Generation = YES;
				INFOPLIST_KEY_UIApplicationSupportsIndirectInputEvents = YES;
				INFOPLIST_KEY_UILaunchScreen_Generation = YES;
				INFOPLIST_KEY_UISupportedInterfaceOrientations_iPad = "UIInterfaceOrientationPortrait UIInterfaceOrientationPortraitUpsideDown UIInterfaceOrientationLandscapeLeft UIInterfaceOrientationLandscapeRight";
				INFOPLIST_KEY_UISupportedInterfaceOrientations_iPhone = "UIInterfaceOrientationPortrait UIInterfaceOrientationLandscapeLeft UIInterfaceOrientationLandscapeRight";
				LD_RUNPATH_SEARCH_PATHS = (
					"$(inherited)",
					"@executable_path/Frameworks",
				);
				MARKETING_VERSION = 1.0;
				PRODUCT_BUNDLE_IDENTIFIER = sw.hike;
				PRODUCT_NAME = "$(TARGET_NAME)";
				SWIFT_EMIT_LOC_STRINGS = YES;
				SWIFT_VERSION = 5.0;
				TARGETED_DEVICE_FAMILY = "1,2";
			};
			name = Release;
		};
/* End XCBuildConfiguration section */

/* Begin XCConfigurationList section */
		8418B9A92A79DD06005617C7 /* Build configuration list for PBXProject "hike" */ = {
			isa = XCConfigurationList;
			buildConfigurations = (
				8418B9BA2A79DD07005617C7 /* Debug */,
				8418B9BB2A79DD07005617C7 /* Release */,
			);
			defaultConfigurationIsVisible = 0;
			defaultConfigurationName = Release;
		};
		8418B9BC2A79DD07005617C7 /* Build configuration list for PBXNativeTarget "hike" */ = {
			isa = XCConfigurationList;
			buildConfigurations = (
				8418B9BD2A79DD07005617C7 /* Debug */,
				8418B9BE2A79DD07005617C7 /* Release */,
			);
			defaultConfigurationIsVisible = 0;
			defaultConfigurationName = Release;
		};
/* End XCConfigurationList section */
	};
	rootObject = 8418B9A62A79DD06005617C7 /* Project object */;
}
